
Microsoft Visual Studio Solution File, Format Version 12.00
# Visual Studio 15
VisualStudioVersion = 15.0.28010.2048
MinimumVisualStudioVersion = 10.0.40219.1
Project("{FAE04EC0-301F-11D3-BF4B-00C04F79EFBC}") = "SendMail", "SendMail\SendMail.csproj", "{38D807F5-E109-463C-804B-C94CEEBA498A}"
EndProject
Global
	GlobalSection(SolutionConfigurationPlatforms) = preSolution
		Debug|Any CPU = Debug|Any CPU
		Release|Any CPU = Release|Any CPU
	EndGlobalSection
	GlobalSection(ProjectConfigurationPlatforms) = postSolution
		{38D807F5-E109-463C-804B-C94CEEBA498A}.Debug|Any CPU.ActiveCfg = Debug|Any CPU
		{38D807F5-E109-463C-804B-C94CEEBA498A}.Debug|Any CPU.Build.0 = Debug|Any CPU
		{38D807F5-E109-463C-804B-C94CEEBA498A}.Release|Any CPU.ActiveCfg = Release|Any CPU
		{38D807F5-E109-463C-804B-C94CEEBA498A}.Release|Any CPU.Build.0 = Release|Any CPU
	EndGlobalSection
	GlobalSection(SolutionProperties) = preSolution
		HideSolutionNode = FALSE
	EndGlobalSection
	GlobalSection(ExtensibilityGlobals) = postSolution
		SolutionGuid = {2C61A6B7-F4F6-420E-9EE8-8A8A697A5350}
	EndGlobalSection
EndGlobal
